# THIS IS AN AUTOGENERATED FILE. DO NOT EDIT THIS FILE DIRECTLY.
# yarn lockfile v1


osc-js@^2.4.0:
  version "2.4.0"
  resolved "https://registry.yarnpkg.com/osc-js/-/osc-js-2.4.0.tgz#3d86ee350eac55731eca01588d588e6a73794057"
  integrity sha512-9cvB8m6zt/iCsmeDdFJaD4mjC8preB1Gio+NVmjT0S3qxiejTfJ8vGudyTQciL9yqQHEuINNYS5Kb94+Ceqekg==
  dependencies:
    ws "^8.9.0"

ws@^8.9.0:
  version "8.13.0"
  resolved "https://registry.yarnpkg.com/ws/-/ws-8.13.0.tgz#9a9fb92f93cf41512a0735c8f4dd09b8a1211cd0"
  integrity sha512-x9vcZYTrFPC7aSIbj7sRCYo7L/Xb8Iy+pW0ng0wt2vCJv7M9HOMy0UoN3rr+IFC7hb7vXoqS+P9ktyLLLhO+LA==
